{
    "hash": "1f0b67ff189e23e8652cecf7a1f544ff",
    "packages": [
        {
            "package": "doctrine/common",
            "version": "2.2.x-dev",
            "source-reference": "1e0aa60d109c630d19543d999f12e2852ef8f932"
        },
        {
            "package": "phpexiftool/exiftool",
            "version": "dev-master",
            "source-reference": "d58d08b134904764da7861f459767b83d3b55072"
        },
        {
            "package": "symfony/process",
            "version": "dev-master",
            "alias-pretty-version": "2.1.x-dev",
            "alias-version": "2.1.9999999.9999999-dev"
        },
        {
            "package": "symfony/process",
            "version": "dev-master",
            "source-reference": "f4f101fc7c1adb8b157058dcc1715f28f1d53208"
        }
    ],
    "packages-dev": null,
    "aliases": [

    ],
    "minimum-stability": "dev",
    "stability-flags": {
        "fabpot/php-cs-fixer": 20,
        "sami/sami": 20
    }
}
